dependencies:
- name: common
  repository: oci://registry.souvap-univention.de/souvap/tooling/charts/bitnami-charts
  version: 2.13.3
- name: nats
  repository: oci://registry.souvap-univention.de/souvap/tooling/charts/univention
  version: 0.0.1
digest: sha256:9941abc098f00556e6e070ad8a79a4680ad36073fc0a171f7d78c550dac1097f
generated: "2024-03-05T06:33:36.390517+01:00"
