version = 1
revision = 3
requires-python = "==3.11.*"

[[package]]
name = "colorama"
version = "0.4.6"
source = { registry = "https://pypi.org/simple" }
sdist = { url = "https://files.pythonhosted.org/packages/d8/53/6f443c9a4a8358a93a6792e2acffb9d9d5cb0a5cfd8802644b7b1c9a02e4/colorama-0.4.6.tar.gz", hash = "sha256:08695f5cb7ed6e0531a20572697297273c47b8cae5a63ffc6d6ed5c201be6e44", size = 27697, upload-time = "2022-10-25T02:36:22.414Z" }
wheels = [
    { url = "https://files.pythonhosted.org/packages/d1/d6/3965ed04c63042e047cb6a3e6ed1a63a35087b6a609aa3a15ed8ac56c221/colorama-0.4.6-py2.py3-none-any.whl", hash = "sha256:4f1d9991f5acc0ca119f9d443620b77f9d6b33703e51011c16baf57afb285fc6", size = 25335, upload-time = "2022-10-25T02:36:20.889Z" },
]

[[package]]
name = "coverage"
version = "7.16.0"
source = { registry = "https://pypi.org/simple" }
sdist = { url = "https://files.pythonhosted.org/packages/d1/f5/deb1a27aa20746c0278ac998c4179e272004699b2d33959ce020c5ac1615/coverage-7.16.0.tar.gz", hash = "sha256:077f0964087883176ff6ab9b074694cae29f8c708273b13ca62c183c6ed716cd", size = 945620, upload-time = "2026-08-28T21:54:37.74Z" }
wheels = [
    { url = "https://files.pythonhosted.org/packages/53/d2/c76bf165ff01664ca8b1ca7f2b2b5f311353d3959dbac1187dd21c6cc7f8/coverage-7.16.0-cp311-cp311-macosx_10_9_x86_64.whl", hash = "sha256:22d8802827404be32f5a4d6ddc037f6fa0074b7d06702c0224cb598def8b665d", size = 223019, upload-time = "2026-08-28T21:51:02.021Z" },
    { url = "https://files.pythonhosted.org/packages/16/7d/a47cebf71cb789b6e25de07035d350bff110d02f9c28bf32f92b4c818874/coverage-7.16.0-cp311-cp311-macosx_11_0_arm64.whl", hash = "sha256:a739bf08cdca0fad51b73322e4fade0102dd87794e278450b5ee87ef827954db", size = 223524, upload-time = "2026-08-28T21:51:03.632Z" },
    { url = "https://files.pythonhosted.org/packages/51/b3/42e46d7e247ba33758156a0cc88dc64715f7e7b04640fbe430c4da437ab1/coverage-7.16.0-cp311-cp311-manylinux1_i686.manylinux_2_28_i686.manylinux_2_5_i686.whl", hash = "sha256:f99d12f8234c00b88b8077fedf288b25c77f746de312053b7db90fa756ecbdb3", size = 253934, upload-time = "2026-08-28T21:51:05.365Z" },
    { url = "https://files.pythonhosted.org/packages/9a/27/ade10badacc00076854f0c5086fcf8975bb1a379d5288b587509e6ee9763/coverage-7.16.0-cp311-cp311-manylinux1_x86_64.manylinux_2_28_x86_64.manylinux_2_5_x86_64.whl", hash = "sha256:7cae7715afa51dd7c9c42e6603bb46daf424c3449fdf06519cc658aa8d46e2e4", size = 255846, upload-time = "2026-08-28T21:51:06.922Z" },
    { url = "https://files.pythonhosted.org/packages/c5/50/38e5d8cf45af5db7419e9580bba4017113f8f1e2697cb6c52213bf7e7e40/coverage-7.16.0-cp311-cp311-manylinux2014_aarch64.manylinux_2_17_aarch64.manylinux_2_28_aarch64.whl", hash = "sha256:55957d350452017f523b9b03ffac078f9a214e23c04a3d0a674569203550c719", size = 257953, upload-time = "2026-08-28T21:51:08.51Z" },
    { url = "https://files.pythonhosted.org/packages/9b/bb/2f44b99723d0306095dacdf90f994631e299ff8f087a384b42ecc2d1ccb9/coverage-7.16.0-cp311-cp311-manylinux2014_ppc64le.manylinux_2_17_ppc64le.manylinux_2_28_ppc64le.whl", hash = "sha256:b670bd5fa93d9b6855b2837217b45a90863118e2de5e9e033aebd46d07cd08d3", size = 259915, upload-time = "2026-08-28T21:51:10.155Z" },
    { url = "https://files.pythonhosted.org/packages/ab/7d/3f1c312944d88b2d3cae8af72007c15dcf5f92bda6da6d433c2d5f050ee7/coverage-7.16.0-cp311-cp311-manylinux_2_31_riscv64.manylinux_2_39_riscv64.whl", hash = "sha256:fe5aa402d02318db2f41e471320b2ecca6085b8f595a034c037085732e49c04a", size = 254028, upload-time = "2026-08-28T21:51:11.845Z" },
    { url = "https://files.pythonhosted.org/packages/7e/f6/52a7e26baeeca7f3114b15da5e840bebcfe6491eb234f6922d33c79ee8fc/coverage-7.16.0-cp311-cp311-musllinux_1_2_aarch64.whl", hash = "sha256:fddd26ed9a2527a7e23f7e4c1fd0734c4a5b45f77b261da1c536b20a7d2e6f0c", size = 255648, upload-time = "2026-08-28T21:51:13.614Z" },
    { url = "https://files.pythonhosted.org/packages/c2/d1/0673e78d9ca29d56f663623791338647753c673f0bc964e860086da07bce/coverage-7.16.0-cp311-cp311-musllinux_1_2_i686.whl", hash = "sha256:b2af58ecdcec37fe633d4865fccbc8c00d8aa3b31c099bcacb2720c9a0be6ab9", size = 253708, upload-time = "2026-08-28T21:51:15.19Z" },
    { url = "https://files.pythonhosted.org/packages/6c/23/b74c87828369059415b20884b6f48260f049bff750d6eb454be8554732ab/coverage-7.16.0-cp311-cp311-musllinux_1_2_ppc64le.whl", hash = "sha256:a3cd34b9025d62180ce2b5dae8a985bfa6cb8c05ecd57fd34ffc1ff751b5a74d", size = 257479, upload-time = "2026-08-28T21:51:16.988Z" },
    { url = "https://files.pythonhosted.org/packages/a9/b4/09e172472c45a956e226dddf82d449f245764208b7cea47b32a73df955a3/coverage-7.16.0-cp311-cp311-musllinux_1_2_riscv64.whl", hash = "sha256:ebaf39dd13f8af65fe5f0316b81046228ef4d91d3c3766192b418753649896d6", size = 253428, upload-time = "2026-08-28T21:51:18.803Z" },
    { url = "https://files.pythonhosted.org/packages/62/22/e378e4f7ffa290ea4775b34e319fa182640bba650a2c6781af791b66b79a/coverage-7.16.0-cp311-cp311-musllinux_1_2_x86_64.whl", hash = "sha256:5dad64d9c17cb1983adef07998e6e2e1cf870a156f1ea80f81ce1970f4c545ce", size = 254337, upload-time = "2026-08-28T21:51:20.785Z" },
    { url = "https://files.pythonhosted.org/packages/51/6f/9a6ca653d86e46c3383a905f726a28bcf7bb2528088794d30a53687b381c/coverage-7.16.0-cp311-cp311-win32.whl", hash = "sha256:38b8e1e73750b8965d1154ed733f5303acd4e24ee2d5ee872bb1bfab744a31ce", size = 225103, upload-time = "2026-08-28T21:51:22.685Z" },
    { url = "https://files.pythonhosted.org/packages/08/0c/6d4627be89ac02f579d88806875a5d6e328c59d7d79c594643c7a4460ef6/coverage-7.16.0-cp311-cp311-win_amd64.whl", hash = "sha256:cc12e5e32acdd62fe5895939695579560639853219288519685c75b7e968d63a", size = 225577, upload-time = "2026-08-28T21:51:24.334Z" },
    { url = "https://files.pythonhosted.org/packages/f2/3d/d7be38564d00a17775426685776b4bf18e8a6048a085eccf65d75eb0fa5a/coverage-7.16.0-cp311-cp311-win_arm64.whl", hash = "sha256:17fc3628f99812fec24f40092af34c1c73274d331babab3d1d768a75de650cf7", size = 225126, upload-time = "2026-08-28T21:51:26.101Z" },
    { url = "https://files.pythonhosted.org/packages/b1/5a/234e8fadf85c3cc48cb31c247b9e8e0c7f06ece80f5b29f9b8c241f9da4c/coverage-7.16.0-py3-none-any.whl", hash = "sha256:245f7de6d023a5bba375dbec9f2e0869bfa26ac0cc639bbb7b4c814884000b73", size = 214977, upload-time = "2026-08-28T21:54:35.189Z" },
]

[package.optional-dependencies]
toml = [
    { name = "tomli", marker = "python_full_version <= '3.11'" },
]

[[package]]
name = "daemoniker"
version = "0.2.3"
source = { registry = "https://pypi.org/simple" }
sdist = { url = "https://files.pythonhosted.org/packages/9e/95/ff9366d346e679e93ed70a90e3bbca92110eaa8c94732b9892891a3f7b9a/daemoniker-0.2.3.tar.gz", hash = "sha256:d9b62c8d75227b3da88c0ca22b82e19d88d32dade4ffa838427235e0cdd5e578", size = 29405, upload-time = "2017-01-10T01:54:53.097Z" }
wheels = [
    { url = "https://files.pythonhosted.org/packages/34/b8/a88b8d94e4aa048057e394140514158390fd485c9cc5686072688d4b5385/daemoniker-0.2.3-py3-none-any.whl", hash = "sha256:72df5fb977b7951a1a48039dad349a06d9326e700f032f2e0114ad9643b93e98", size = 33145, upload-time = "2017-01-10T01:54:51Z" },
]

[[package]]
name = "iniconfig"
version = "2.3.0"
source = { registry = "https://pypi.org/simple" }
sdist = { url = "https://files.pythonhosted.org/packages/72/34/14ca021ce8e5dfedc35312d08ba8bf51fdd999c576889fc2c24cb97f4f10/iniconfig-2.3.0.tar.gz", hash = "sha256:c76315c77db068650d49c5b56314774a7804df16fee4402c1f19d6d15d8c4730", size = 20503, upload-time = "2025-10-18T21:55:43.219Z" }
wheels = [
    { url = "https://files.pythonhosted.org/packages/cb/b1/3846dd7f199d53cb17f49cba7e651e9ce294d8497c8c150530ed11865bb8/iniconfig-2.3.0-py3-none-any.whl", hash = "sha256:f631c04d2c48c52b84d0d0549c99ff3859c98df65b3101406327ecc7d53fbf12", size = 7484, upload-time = "2025-10-18T21:55:41.639Z" },
]

[[package]]
name = "msgpack"
version = "1.2.2"
source = { registry = "https://pypi.org/simple" }
sdist = { url = "https://files.pythonhosted.org/packages/6d/44/ea2100ec54d30c46ee9dba10a3bfb79b655e96c6df237238a3234c75869b/msgpack-1.2.2.tar.gz", hash = "sha256:9eb0b0e602064527a045ea28c4f174ed69383587e29cebe28947e3b84106eb2a", size = 187025, upload-time = "2026-08-27T10:03:47.793Z" }
wheels = [
    { url = "https://files.pythonhosted.org/packages/53/fd/a05ba8f84c5951c9aec2a19c1c81f6c4a67b8bec80af604ac5b23ccfa019/msgpack-1.2.2-cp311-cp311-macosx_10_9_x86_64.whl", hash = "sha256:9d7fb25b4442fae0cb2590272d06ab4f6caa526ee36a994edb81e946b874813e", size = 83498, upload-time = "2026-08-27T10:01:50.62Z" },
    { url = "https://files.pythonhosted.org/packages/0f/df/e20bcf5c149890545334743b212eb4b82e1a25fe0a34f99753a1755bfab5/msgpack-1.2.2-cp311-cp311-macosx_11_0_arm64.whl", hash = "sha256:7fe374ba76eb0ecca13a1703daa8fa85825a6ddddbb52d4c1a732fa524194683", size = 83896, upload-time = "2026-08-27T10:01:51.898Z" },
    { url = "https://files.pythonhosted.org/packages/ac/c3/00dcd902d66a641b9ba350783feb482ea5c1ca4a7ff6629db0c10c0ea982/msgpack-1.2.2-cp311-cp311-manylinux2014_aarch64.manylinux_2_17_aarch64.manylinux_2_28_aarch64.whl", hash = "sha256:b9b0c1f2aa7b0026b4bd50718100e8b04175e4f36e160aa852502377b5e572e7", size = 413259, upload-time = "2026-08-27T10:01:53.296Z" },
    { url = "https://files.pythonhosted.org/packages/93/15/17374efe9793f5332c7d4727ab40539f95a1dc9df653531795daca8c4281/msgpack-1.2.2-cp311-cp311-manylinux2014_x86_64.manylinux_2_17_x86_64.manylinux_2_28_x86_64.whl", hash = "sha256:f11e09f10210a91c169e39c7a5a1f9090eaa73ad75555fafad5023c3053c47ba", size = 422907, upload-time = "2026-08-27T10:01:54.786Z" },
    { url = "https://files.pythonhosted.org/packages/d3/af/2b567d684f912fedcefe3f7c37de604716ffa99336bd432688f9f040df92/msgpack-1.2.2-cp311-cp311-manylinux_2_31_riscv64.manylinux_2_39_riscv64.whl", hash = "sha256:8b1415d02e9bf722672af8a90f90813265a0cd0b14163187261e54a5592bc949", size = 389248, upload-time = "2026-08-27T10:01:56.55Z" },
    { url = "https://files.pythonhosted.org/packages/2a/fd/d8533fed473cc3e309a701e851d0e5fe36ada5552a3899025f5c69fbe877/msgpack-1.2.2-cp311-cp311-musllinux_1_2_aarch64.whl", hash = "sha256:42fd9260416885b4815caca5bdd14dfd5dda6cdade732d6c09104ef8f6228761", size = 407099, upload-time = "2026-08-27T10:01:58.357Z" },
    { url = "https://files.pythonhosted.org/packages/d6/1b/57906337bfee0ead554571dc203ea17c3fad26d51e5eca6271ecd983f73b/msgpack-1.2.2-cp311-cp311-musllinux_1_2_riscv64.whl", hash = "sha256:336525cc2688e43ea77dfb1a4ce012c8cde561835913801dbfcfdcf4111d8abb", size = 387201, upload-time = "2026-08-27T10:02:00.109Z" },
    { url = "https://files.pythonhosted.org/packages/de/0f/5d1e6d68e516621697a9262b24917d678793e838cf3f331ed4656b3e959d/msgpack-1.2.2-cp311-cp311-musllinux_1_2_x86_64.whl", hash = "sha256:cdb6cc6e1127d15879c47a8b3270716243da82d3e7feab1f5946872c75b3d60f", size = 420765, upload-time = "2026-08-27T10:02:01.573Z" },
    { url = "https://files.pythonhosted.org/packages/6f/a6/07f9a4f3324d55c3567ab2a7e8d5325291bc95a31a374bb390a21b7c4e24/msgpack-1.2.2-cp311-cp311-win32.whl", hash = "sha256:cf66fb38703e61a486b01b56d43bb1f50698fbe99b6bd90feba10f24fab60b3b", size = 64785, upload-time = "2026-08-27T10:02:03.01Z" },
    { url = "https://files.pythonhosted.org/packages/84/13/f748f0d59f355d196e71a0b32d48d386a9bd311f94d954e666cf7e5b2572/msgpack-1.2.2-cp311-cp311-win_amd64.whl", hash = "sha256:0883a1578168929fd1640fbbc4614773f1a130e419a8a817dc2918d9af1b651c", size = 71258, upload-time = "2026-08-27T10:02:04.375Z" },
    { url = "https://files.pythonhosted.org/packages/46/a6/10d979c4e76b18a9b9ebbd6499ff863474ffe5955028ea27e09b66f6833c/msgpack-1.2.2-cp311-cp311-win_arm64.whl", hash = "sha256:4955accbd87f27beebef5f3ecc27503aa74cb016fb4f640868e749fd93194a35", size = 65860, upload-time = "2026-08-27T10:02:05.735Z" },
]

[[package]]
name = "nats-py"
version = "2.15.0"
source = { url = "https://github.com/d3vv3/nats.py/archive/04c80ade9d015e5e11b926d36e5b57b401f6fedf.tar.gz", subdirectory = "nats" }
sdist = { hash = "sha256:b507cae2116683e5ed6c4665edf111c9ec89ea37f3c9a806aece897989b04b49" }

[package.metadata]
requires-dist = [
    { name = "aiohttp", marker = "extra == 'aiohttp'" },
    { name = "fast-mail-parser", marker = "extra == 'fast-parse'" },
    { name = "nkeys", marker = "extra == 'nkeys'" },
]
provides-extras = ["nkeys", "aiohttp", "fast-parse"]

[[package]]
name = "nubus-provisioning-listener"
version = "0.1.0"
source = { editable = "." }
dependencies = [
    { name = "daemoniker" },
    { name = "msgpack" },
    { name = "nats-py" },
    { name = "psutil" },
    { name = "pydantic" },
]

[package.dev-dependencies]
dev = [
    { name = "pytest" },
    { name = "pytest-asyncio" },
    { name = "pytest-cov" },
]

[package.metadata]
requires-dist = [
    { name = "daemoniker", specifier = ">=0.2.3,<1.0.0" },
    { name = "msgpack", specifier = ">=1.2.1,<2.0.0" },
    { name = "nats-py", url = "https://github.com/d3vv3/nats.py/archive/04c80ade9d015e5e11b926d36e5b57b401f6fedf.tar.gz", subdirectory = "nats" },
    { name = "psutil", specifier = ">=5.9.8,<6.0.0" },
    { name = "pydantic", specifier = ">=1.10.26,<2.0.0" },
]

[package.metadata.requires-dev]
dev = [
    { name = "pytest", specifier = "==7.4.4" },
    { name = "pytest-asyncio", specifier = "==0.21.2" },
    { name = "pytest-cov", specifier = "==4.1.0" },
]

[[package]]
name = "packaging"
version = "26.3"
source = { registry = "https://pypi.org/simple" }
sdist = { url = "https://files.pythonhosted.org/packages/7d/fa/3944b40b07da9ce895c0e6303a5ab7d53da063554f534556b134a54d6093/packaging-26.3.tar.gz", hash = "sha256:94edc256424af38762eb31306eed28beb9f0efc50a8837492c9d6fd6004aed79", size = 313412, upload-time = "2026-08-04T18:15:28.737Z" }
wheels = [
    { url = "https://files.pythonhosted.org/packages/63/34/ba1c580383c9eada3711951fef0795c80b829a078d72188184bcab9dd527/packaging-26.3-py3-none-any.whl", hash = "sha256:d7193f7c8e4e93f444fde0262bf90af30e16fa0ad0ad44cb553c87339b23cd1c", size = 129956, upload-time = "2026-08-04T18:15:27.159Z" },
]

[[package]]
name = "pluggy"
version = "1.6.0"
source = { registry = "https://pypi.org/simple" }
sdist = { url = "https://files.pythonhosted.org/packages/f9/e2/3e91f31a7d2b083fe6ef3fa267035b518369d9511ffab804f839851d2779/pluggy-1.6.0.tar.gz", hash = "sha256:7dcc130b76258d33b90f61b658791dede3486c3e6bfb003ee5c9bfb396dd22f3", size = 69412, upload-time = "2025-05-15T12:30:07.975Z" }
wheels = [
    { url = "https://files.pythonhosted.org/packages/54/20/4d324d65cc6d9205fabedc306948156824eb9f0ee1633355a8f7ec5c66bf/pluggy-1.6.0-py3-none-any.whl", hash = "sha256:e920276dd6813095e9377c0bc5566d94c932c33b27a3e3945d8389c374dd4746", size = 20538, upload-time = "2025-05-15T12:30:06.134Z" },
]

[[package]]
name = "psutil"
version = "5.9.8"
source = { registry = "https://pypi.org/simple" }
sdist = { url = "https://files.pythonhosted.org/packages/90/c7/6dc0a455d111f68ee43f27793971cf03fe29b6ef972042549db29eec39a2/psutil-5.9.8.tar.gz", hash = "sha256:6be126e3225486dff286a8fb9a06246a5253f4c7c53b475ea5f5ac934e64194c", size = 503247, upload-time = "2024-01-19T20:47:09.517Z" }
wheels = [
    { url = "https://files.pythonhosted.org/packages/e7/e3/07ae864a636d70a8a6f58da27cb1179192f1140d5d1da10886ade9405797/psutil-5.9.8-cp36-abi3-macosx_10_9_x86_64.whl", hash = "sha256:aee678c8720623dc456fa20659af736241f575d79429a0e5e9cf88ae0605cc81", size = 248702, upload-time = "2024-01-19T20:47:36.303Z" },
    { url = "https://files.pythonhosted.org/packages/b3/bd/28c5f553667116b2598b9cc55908ec435cb7f77a34f2bff3e3ca765b0f78/psutil-5.9.8-cp36-abi3-manylinux_2_12_i686.manylinux2010_i686.manylinux_2_17_i686.manylinux2014_i686.whl", hash = "sha256:8cb6403ce6d8e047495a701dc7c5bd788add903f8986d523e3e20b98b733e421", size = 285242, upload-time = "2024-01-19T20:47:39.65Z" },
    { url = "https://files.pythonhosted.org/packages/c5/4f/0e22aaa246f96d6ac87fe5ebb9c5a693fbe8877f537a1022527c47ca43c5/psutil-5.9.8-cp36-abi3-manylinux_2_12_x86_64.manylinux2010_x86_64.manylinux_2_17_x86_64.manylinux2014_x86_64.whl", hash = "sha256:d06016f7f8625a1825ba3732081d77c94589dca78b7a3fc072194851e88461a4", size = 288191, upload-time = "2024-01-19T20:47:43.078Z" },
    { url = "https://files.pythonhosted.org/packages/6e/f5/2aa3a4acdc1e5940b59d421742356f133185667dd190b166dbcfcf5d7b43/psutil-5.9.8-cp37-abi3-win32.whl", hash = "sha256:bc56c2a1b0d15aa3eaa5a60c9f3f8e3e565303b465dbf57a1b730e7a2b9844e0", size = 251252, upload-time = "2024-01-19T20:47:52.88Z" },
    { url = "https://files.pythonhosted.org/packages/93/52/3e39d26feae7df0aa0fd510b14012c3678b36ed068f7d78b8d8784d61f0e/psutil-5.9.8-cp37-abi3-win_amd64.whl", hash = "sha256:8db4c1b57507eef143a15a6884ca10f7c73876cdf5d51e713151c1236a0e68cf", size = 255090, upload-time = "2024-01-19T20:47:56.019Z" },
    { url = "https://files.pythonhosted.org/packages/05/33/2d74d588408caedd065c2497bdb5ef83ce6082db01289a1e1147f6639802/psutil-5.9.8-cp38-abi3-macosx_11_0_arm64.whl", hash = "sha256:d16bbddf0693323b8c6123dd804100241da461e41d6e332fb0ba6058f630f8c8", size = 249898, upload-time = "2024-01-19T20:47:59.238Z" },
]

[[package]]
name = "pydantic"
version = "1.10.26"
source = { registry = "https://pypi.org/simple" }
dependencies = [
    { name = "typing-extensions" },
]
sdist = { url = "https://files.pythonhosted.org/packages/7b/da/fd89f987a376c807cd81ea0eff4589aade783bbb702637b4734ef2c743a2/pydantic-1.10.26.tar.gz", hash = "sha256:8c6aa39b494c5af092e690127c283d84f363ac36017106a9e66cb33a22ac412e", size = 357906, upload-time = "2025-12-18T15:47:46.557Z" }
wheels = [
    { url = "https://files.pythonhosted.org/packages/1d/c1/d521e64c8130e1ad9d22c270bed3fabcc0940c9539b076b639c88fd32a8d/pydantic-1.10.26-cp311-cp311-macosx_10_9_x86_64.whl", hash = "sha256:116233e53889bcc536f617e38c1b8337d7fa9c280f0fd7a4045947515a785637", size = 2428347, upload-time = "2025-12-18T15:46:39.41Z" },
    { url = "https://files.pythonhosted.org/packages/2c/08/f4b804a00c16e3ea994cb640a7c25c579b4f1fa674cde6a19fa0dfb0ae4f/pydantic-1.10.26-cp311-cp311-macosx_11_0_arm64.whl", hash = "sha256:c3cfdd361addb6eb64ccd26ac356ad6514cee06a61ab26b27e16b5ed53108f77", size = 2212605, upload-time = "2025-12-18T15:46:41.006Z" },
    { url = "https://files.pythonhosted.org/packages/5d/78/0df4b9efef29bbc5e39f247fcba99060d15946b4463d82a5589cf7923d71/pydantic-1.10.26-cp311-cp311-manylinux2014_x86_64.manylinux_2_17_x86_64.whl", hash = "sha256:0e4451951a9a93bf9a90576f3e25240b47ee49ab5236adccb8eff6ac943adf0f", size = 2753560, upload-time = "2025-12-18T15:46:43.215Z" },
    { url = "https://files.pythonhosted.org/packages/68/66/6ab6c1d3a116d05d2508fce64f96e35242938fac07544d611e11d0d363a0/pydantic-1.10.26-cp311-cp311-musllinux_1_2_x86_64.whl", hash = "sha256:9858ed44c6bea5f29ffe95308db9e62060791c877766c67dd5f55d072c8612b5", size = 2859235, upload-time = "2025-12-18T15:46:45.112Z" },
    { url = "https://files.pythonhosted.org/packages/61/4e/f1676bb0fcdf6ed2ce4670d7d1fc1d6c3a06d84497644acfbe02649503f1/pydantic-1.10.26-cp311-cp311-win_amd64.whl", hash = "sha256:ac1089f723e2106ebde434377d31239e00870a7563245072968e5af5cc4d33df", size = 2066646, upload-time = "2025-12-18T15:46:46.816Z" },
    { url = "https://files.pythonhosted.org/packages/1f/98/556e82f00b98486def0b8af85da95e69d2be7e367cf2431408e108bc3095/pydantic-1.10.26-py3-none-any.whl", hash = "sha256:c43ad70dc3ce7787543d563792426a16fd7895e14be4b194b5665e36459dd917", size = 166975, upload-time = "2025-12-18T15:47:44.927Z" },
]

[[package]]
name = "pytest"
version = "7.4.4"
source = { registry = "https://pypi.org/simple" }
dependencies = [
    { name = "colorama", marker = "sys_platform == 'win32'" },
    { name = "iniconfig" },
    { name = "packaging" },
    { name = "pluggy" },
]
sdist = { url = "https://files.pythonhosted.org/packages/80/1f/9d8e98e4133ffb16c90f3b405c43e38d3abb715bb5d7a63a5a684f7e46a3/pytest-7.4.4.tar.gz", hash = "sha256:2cf0005922c6ace4a3e2ec8b4080eb0d9753fdc93107415332f50ce9e7994280", size = 1357116, upload-time = "2023-12-31T12:00:18.035Z" }
wheels = [
    { url = "https://files.pythonhosted.org/packages/51/ff/f6e8b8f39e08547faece4bd80f89d5a8de68a38b2d179cc1c4490ffa3286/pytest-7.4.4-py3-none-any.whl", hash = "sha256:b090cdf5ed60bf4c45261be03239c2c1c22df034fbffe691abe93cd80cea01d8", size = 325287, upload-time = "2023-12-31T12:00:13.963Z" },
]

[[package]]
name = "pytest-asyncio"
version = "0.21.2"
source = { registry = "https://pypi.org/simple" }
dependencies = [
    { name = "pytest" },
]
sdist = { url = "https://files.pythonhosted.org/packages/ae/53/57663d99acaac2fcdafdc697e52a9b1b7d6fcf36616281ff9768a44e7ff3/pytest_asyncio-0.21.2.tar.gz", hash = "sha256:d67738fc232b94b326b9d060750beb16e0074210b98dd8b58a5239fa2a154f45", size = 30656, upload-time = "2024-04-29T13:23:24.738Z" }
wheels = [
    { url = "https://files.pythonhosted.org/packages/9c/ce/1e4b53c213dce25d6e8b163697fbce2d43799d76fa08eea6ad270451c370/pytest_asyncio-0.21.2-py3-none-any.whl", hash = "sha256:ab664c88bb7998f711d8039cacd4884da6430886ae8bbd4eded552ed2004f16b", size = 13368, upload-time = "2024-04-29T13:23:23.126Z" },
]

[[package]]
name = "pytest-cov"
version = "4.1.0"
source = { registry = "https://pypi.org/simple" }
dependencies = [
    { name = "coverage", extra = ["toml"] },
    { name = "pytest" },
]
sdist = { url = "https://files.pythonhosted.org/packages/7a/15/da3df99fd551507694a9b01f512a2f6cf1254f33601605843c3775f39460/pytest-cov-4.1.0.tar.gz", hash = "sha256:3904b13dfbfec47f003b8e77fd5b589cd11904a21ddf1ab38a64f204d6a10ef6", size = 63245, upload-time = "2023-05-24T18:44:56.845Z" }
wheels = [
    { url = "https://files.pythonhosted.org/packages/a7/4b/8b78d126e275efa2379b1c2e09dc52cf70df16fc3b90613ef82531499d73/pytest_cov-4.1.0-py3-none-any.whl", hash = "sha256:6ba70b9e97e69fcc3fb45bfeab2d0a138fb65c4d0d6a41ef33983ad114be8c3a", size = 21949, upload-time = "2023-05-24T18:44:54.079Z" },
]

[[package]]
name = "tomli"
version = "2.4.1"
source = { registry = "https://pypi.org/simple" }
sdist = { url = "https://files.pythonhosted.org/packages/22/de/48c59722572767841493b26183a0d1cc411d54fd759c5607c4590b6563a6/tomli-2.4.1.tar.gz", hash = "sha256:7c7e1a961a0b2f2472c1ac5b69affa0ae1132c39adcb67aba98568702b9cc23f", size = 17543, upload-time = "2026-03-25T20:22:03.828Z" }
wheels = [
    { url = "https://files.pythonhosted.org/packages/f4/11/db3d5885d8528263d8adc260bb2d28ebf1270b96e98f0e0268d32b8d9900/tomli-2.4.1-cp311-cp311-macosx_10_9_x86_64.whl", hash = "sha256:f8f0fc26ec2cc2b965b7a3b87cd19c5c6b8c5e5f436b984e85f486d652285c30", size = 154704, upload-time = "2026-03-25T20:21:10.473Z" },
    { url = "https://files.pythonhosted.org/packages/6d/f7/675db52c7e46064a9aa928885a9b20f4124ecb9bc2e1ce74c9106648d202/tomli-2.4.1-cp311-cp311-macosx_11_0_arm64.whl", hash = "sha256:4ab97e64ccda8756376892c53a72bd1f964e519c77236368527f758fbc36a53a", size = 149454, upload-time = "2026-03-25T20:21:12.036Z" },
    { url = "https://files.pythonhosted.org/packages/61/71/81c50943cf953efa35bce7646caab3cf457a7d8c030b27cfb40d7235f9ee/tomli-2.4.1-cp311-cp311-manylinux2014_aarch64.manylinux_2_17_aarch64.manylinux_2_28_aarch64.whl", hash = "sha256:96481a5786729fd470164b47cdb3e0e58062a496f455ee41b4403be77cb5a076", size = 237561, upload-time = "2026-03-25T20:21:13.098Z" },
    { url = "https://files.pythonhosted.org/packages/48/c1/f41d9cb618acccca7df82aaf682f9b49013c9397212cb9f53219e3abac37/tomli-2.4.1-cp311-cp311-manylinux2014_x86_64.manylinux_2_17_x86_64.manylinux_2_28_x86_64.whl", hash = "sha256:5a881ab208c0baf688221f8cecc5401bd291d67e38a1ac884d6736cbcd8247e9", size = 243824, upload-time = "2026-03-25T20:21:14.569Z" },
    { url = "https://files.pythonhosted.org/packages/22/e4/5a816ecdd1f8ca51fb756ef684b90f2780afc52fc67f987e3c61d800a46d/tomli-2.4.1-cp311-cp311-musllinux_1_2_aarch64.whl", hash = "sha256:47149d5bd38761ac8be13a84864bf0b7b70bc051806bc3669ab1cbc56216b23c", size = 242227, upload-time = "2026-03-25T20:21:15.712Z" },
    { url = "https://files.pythonhosted.org/packages/6b/49/2b2a0ef529aa6eec245d25f0c703e020a73955ad7edf73e7f54ddc608aa5/tomli-2.4.1-cp311-cp311-musllinux_1_2_x86_64.whl", hash = "sha256:ec9bfaf3ad2df51ace80688143a6a4ebc09a248f6ff781a9945e51937008fcbc", size = 247859, upload-time = "2026-03-25T20:21:17.001Z" },
    { url = "https://files.pythonhosted.org/packages/83/bd/6c1a630eaca337e1e78c5903104f831bda934c426f9231429396ce3c3467/tomli-2.4.1-cp311-cp311-win32.whl", hash = "sha256:ff2983983d34813c1aeb0fa89091e76c3a22889ee83ab27c5eeb45100560c049", size = 97204, upload-time = "2026-03-25T20:21:18.079Z" },
    { url = "https://files.pythonhosted.org/packages/42/59/71461df1a885647e10b6bb7802d0b8e66480c61f3f43079e0dcd315b3954/tomli-2.4.1-cp311-cp311-win_amd64.whl", hash = "sha256:5ee18d9ebdb417e384b58fe414e8d6af9f4e7a0ae761519fb50f721de398dd4e", size = 108084, upload-time = "2026-03-25T20:21:18.978Z" },
    { url = "https://files.pythonhosted.org/packages/b8/83/dceca96142499c069475b790e7913b1044c1a4337e700751f48ed723f883/tomli-2.4.1-cp311-cp311-win_arm64.whl", hash = "sha256:c2541745709bad0264b7d4705ad453b76ccd191e64aa6f0fc66b69a293a45ece", size = 95285, upload-time = "2026-03-25T20:21:20.309Z" },
    { url = "https://files.pythonhosted.org/packages/7b/61/cceae43728b7de99d9b847560c262873a1f6c98202171fd5ed62640b494b/tomli-2.4.1-py3-none-any.whl", hash = "sha256:0d85819802132122da43cb86656f8d1f8c6587d54ae7dcaf30e90533028b49fe", size = 14583, upload-time = "2026-03-25T20:22:03.012Z" },
]

[[package]]
name = "typing-extensions"
version = "4.16.0"
source = { registry = "https://pypi.org/simple" }
sdist = { url = "https://files.pythonhosted.org/packages/f6/cc/6253133b5bb138fc3306cebfbda2c520f545d36b5be2c7255cc528bb45d6/typing_extensions-4.16.0.tar.gz", hash = "sha256:dc983d19a509c94dba722ee6abd33940f7c05a89e243c47e907eb4db6f1a43e5", size = 113555, upload-time = "2026-07-02T08:40:05.92Z" }
wheels = [
    { url = "https://files.pythonhosted.org/packages/49/d3/b8441a820a491ddfc024b0b0cf0393375b75ea13866d9c66727e54c2fc80/typing_extensions-4.16.0-py3-none-any.whl", hash = "sha256:481caa481374e813c1b176ada14e97f1f67a4539ce9cfeb3f350d78d6370c2e8", size = 45571, upload-time = "2026-07-02T08:40:04.659Z" },
]
