version = 1
revision = 3
requires-python = "==3.13.*"

[[package]]
name = "nats-py"
version = "2.15.0"
source = { url = "https://github.com/d3vv3/nats.py/archive/f0deaeb85e2888b7175398a0b50d3a940b2692f5.tar.gz", subdirectory = "nats" }
sdist = { hash = "sha256:c91e60fefc4879b604e9b91c20177c17dc1dbd84af61affe4ab1903745c6b97f" }

[package.metadata]
requires-dist = [
    { name = "aiohttp", marker = "extra == 'aiohttp'" },
    { name = "fast-mail-parser", marker = "extra == 'fast-parse'" },
    { name = "nkeys", marker = "extra == 'nkeys'" },
]
provides-extras = ["nkeys", "aiohttp", "fast-parse"]

[[package]]
name = "nubus-provisioning-backends"
version = "0.1.0"
source = { editable = "." }
dependencies = [
    { name = "nats-py" },
]

[package.metadata]
requires-dist = [{ name = "nats-py", url = "https://github.com/d3vv3/nats.py/archive/f0deaeb85e2888b7175398a0b50d3a940b2692f5.tar.gz", subdirectory = "nats" }]
