version = 1
revision = 3
requires-python = "==3.14.*"

[[package]]
name = "nats-py"
version = "2.9.0"
source = { registry = "https://pypi.org/simple" }
sdist = { url = "https://files.pythonhosted.org/packages/ba/dc/9a01dd9561b736622c0aa3a19f6b40f3eeb22051eaea1475ceb81d5da48d/nats_py-2.9.0.tar.gz", hash = "sha256:01886eb9e0a87f0ec630652cf1fae65d2a8556378a609bc6cc07d2ea60c8d0dd", size = 110714, upload-time = "2024-08-26T15:14:17.337Z" }

[[package]]
name = "nubus-provisioning-backends"
version = "0.1.0"
source = { editable = "." }
dependencies = [
    { name = "nats-py" },
]

[package.metadata]
requires-dist = [{ name = "nats-py", specifier = ">=2.9.0,<3.0.0" }]
