dependencies:
- name: common
  repository: oci://gitregistry.knut.univention.de/univention/customers/dataport/upx/common-helm/helm
  version: 0.2.0
- name: nats
  repository: https://nats-io.github.io/k8s/helm/charts/
  version: 1.1.5
digest: sha256:6ccd27376ec814b1b8db3557e88da8cfc5e2dd20075ff507503849145d9cca00
generated: "2023-12-06T11:46:38.83112487Z"
