dependencies:
- name: common
  repository: oci://gitregistry.knut.univention.de/univention/customers/dataport/upx/common-helm/helm
  version: 0.2.0
- name: nats
  repository: https://nats-io.github.io/k8s/helm/charts/
  version: 1.1.6
- name: api
  repository: file://charts/api
  version: 0.1.0
- name: dispatcher
  repository: file://charts/dispatcher
  version: 0.1.0
- name: udm-listener
  repository: file://charts/udm-listener
  version: 0.1.0
digest: sha256:b8023f774cf47dde5ff7cb42a07f8ab41074ea4249ba89005ebdfd083f7f3e48
generated: "2023-12-22T07:43:30.359883046Z"
