dependencies:
- name: common
  repository: oci://gitregistry.knut.univention.de/univention/customers/dataport/upx/common-helm/helm
  version: 0.2.0
- name: redis
  repository: https://charts.bitnami.com/bitnami
  version: 18.1.4
digest: sha256:6b8144a8f1bc84fbbb82249b1f48c22409b8cb43c1d6c3dc495e9af1fd893bf3
generated: "2023-10-11T15:10:19.020933+02:00"
